Microsoft Visual Studio Solution File, Format Version 12.00
# Visual Studio 2012
Project("{FAE04EC0-301F-11D3-BF4B-00C04F79EFBC}") = "InitializeDB", "InitializeDB\InitializeDB.csproj", "{707DAD7F-5632-4AD7-860E-73A181C52EE2}"
EndProject
Project("{FAE04EC0-301F-11D3-BF4B-00C04F79EFBC}") = "WenSharkGenNHibernate", "WenSharkGenNHibernate\WenSharkGenNHibernate.csproj", "{66C66636-FD6A-4A3F-A7C5-FE88BBA117AF}"
EndProject
Project("{FAE04EC0-301F-11D3-BF4B-00C04F79EFBC}") = "WenSharkApp", "WenSharkApp\WenSharkApp.csproj", "{6D0518EE-1EE7-4AB1-8F0A-EF1B42DFE03F}"
EndProject
Project("{2150E333-8FDC-42A3-9474-1A3956D46DE8}") = ".nuget", ".nuget", "{4484D92A-DFC8-40F5-B3A9-7600A7C43A27}"
	ProjectSection(SolutionItems) = preProject
		.nuget\NuGet.Config = .nuget\NuGet.Config
		.nuget\NuGet.exe = .nuget\NuGet.exe
		.nuget\NuGet.targets = .nuget\NuGet.targets
	EndProjectSection
EndProject
Global
	GlobalSection(SolutionConfigurationPlatforms) = preSolution
		Debug|Any CPU = Debug|Any CPU
		Debug|Mixed Platforms = Debug|Mixed Platforms
		Debug|x86 = Debug|x86
		Release|Any CPU = Release|Any CPU
		Release|Mixed Platforms = Release|Mixed Platforms
		Release|x86 = Release|x86
	EndGlobalSection
	GlobalSection(ProjectConfigurationPlatforms) = postSolution
		{707DAD7F-5632-4AD7-860E-73A181C52EE2}.Debug|Any CPU.ActiveCfg = Debug|x86
		{707DAD7F-5632-4AD7-860E-73A181C52EE2}.Debug|Mixed Platforms.ActiveCfg = Debug|x86
		{707DAD7F-5632-4AD7-860E-73A181C52EE2}.Debug|Mixed Platforms.Build.0 = Debug|x86
		{707DAD7F-5632-4AD7-860E-73A181C52EE2}.Debug|x86.ActiveCfg = Debug|x86
		{707DAD7F-5632-4AD7-860E-73A181C52EE2}.Debug|x86.Build.0 = Debug|x86
		{707DAD7F-5632-4AD7-860E-73A181C52EE2}.Release|Any CPU.ActiveCfg = Release|x86
		{707DAD7F-5632-4AD7-860E-73A181C52EE2}.Release|Mixed Platforms.ActiveCfg = Release|x86
		{707DAD7F-5632-4AD7-860E-73A181C52EE2}.Release|Mixed Platforms.Build.0 = Release|x86
		{707DAD7F-5632-4AD7-860E-73A181C52EE2}.Release|x86.ActiveCfg = Release|x86
		{707DAD7F-5632-4AD7-860E-73A181C52EE2}.Release|x86.Build.0 = Release|x86
		{66C66636-FD6A-4A3F-A7C5-FE88BBA117AF}.Debug|Any CPU.ActiveCfg = Debug|Any CPU
		{66C66636-FD6A-4A3F-A7C5-FE88BBA117AF}.Debug|Any CPU.Build.0 = Debug|Any CPU
		{66C66636-FD6A-4A3F-A7C5-FE88BBA117AF}.Debug|Mixed Platforms.ActiveCfg = Debug|Any CPU
		{66C66636-FD6A-4A3F-A7C5-FE88BBA117AF}.Debug|Mixed Platforms.Build.0 = Debug|Any CPU
		{66C66636-FD6A-4A3F-A7C5-FE88BBA117AF}.Debug|x86.ActiveCfg = Debug|Any CPU
		{66C66636-FD6A-4A3F-A7C5-FE88BBA117AF}.Release|Any CPU.ActiveCfg = Release|Any CPU
		{66C66636-FD6A-4A3F-A7C5-FE88BBA117AF}.Release|Any CPU.Build.0 = Release|Any CPU
		{66C66636-FD6A-4A3F-A7C5-FE88BBA117AF}.Release|Mixed Platforms.ActiveCfg = Release|Any CPU
		{66C66636-FD6A-4A3F-A7C5-FE88BBA117AF}.Release|Mixed Platforms.Build.0 = Release|Any CPU
		{66C66636-FD6A-4A3F-A7C5-FE88BBA117AF}.Release|x86.ActiveCfg = Release|Any CPU
		{6D0518EE-1EE7-4AB1-8F0A-EF1B42DFE03F}.Debug|Any CPU.ActiveCfg = Debug|Any CPU
		{6D0518EE-1EE7-4AB1-8F0A-EF1B42DFE03F}.Debug|Any CPU.Build.0 = Debug|Any CPU
		{6D0518EE-1EE7-4AB1-8F0A-EF1B42DFE03F}.Debug|Mixed Platforms.ActiveCfg = Debug|Any CPU
		{6D0518EE-1EE7-4AB1-8F0A-EF1B42DFE03F}.Debug|Mixed Platforms.Build.0 = Debug|Any CPU
		{6D0518EE-1EE7-4AB1-8F0A-EF1B42DFE03F}.Debug|x86.ActiveCfg = Debug|Any CPU
		{6D0518EE-1EE7-4AB1-8F0A-EF1B42DFE03F}.Release|Any CPU.ActiveCfg = Release|Any CPU
		{6D0518EE-1EE7-4AB1-8F0A-EF1B42DFE03F}.Release|Any CPU.Build.0 = Release|Any CPU
		{6D0518EE-1EE7-4AB1-8F0A-EF1B42DFE03F}.Release|Mixed Platforms.ActiveCfg = Release|Any CPU
		{6D0518EE-1EE7-4AB1-8F0A-EF1B42DFE03F}.Release|Mixed Platforms.Build.0 = Release|Any CPU
		{6D0518EE-1EE7-4AB1-8F0A-EF1B42DFE03F}.Release|x86.ActiveCfg = Release|Any CPU
	EndGlobalSection
	GlobalSection(SolutionProperties) = preSolution
		HideSolutionNode = FALSE
	EndGlobalSection
EndGlobal
