Microsoft Visual Studio Solution File, Format Version 11.00
# Visual Studio 2010
Project("{FAE04EC0-301F-11D3-BF4B-00C04F79EFBC}") = "InitializeDB", "InitializeDB\InitializeDB.csproj", "{707DAD7F-5632-4AD7-860E-73A181C52EE2}"
EndProject
Project("{FAE04EC0-301F-11D3-BF4B-00C04F79EFBC}") = "WenSharkGenNHibernate", "WenSharkGenNHibernate\WenSharkGenNHibernate.csproj", "{66C66636-FD6A-4A3F-A7C5-FE88BBA117AF}"
EndProject
Global
	GlobalSection(SolutionProperties) = preSolution
		HideSolutionNode = FALSE
	EndGlobalSection
EndGlobal